
Microsoft Visual Studio Solution File, Format Version 12.00
# Visual Studio Version 17
VisualStudioVersion = 17.7.34031.279
MinimumVisualStudioVersion = 10.0.40219.1
Project("{9A19103F-16F7-4668-BE54-9A1E7A4F7556}") = "PSGM", "PSGM.csproj", "{2F32C3B2-635E-40DE-869E-6BC48A85989E}"
EndProject
Global
	GlobalSection(SolutionConfigurationPlatforms) = preSolution
		Debug|Any CPU = Debug|Any CPU
		Release|Any CPU = Release|Any CPU
	EndGlobalSection
	GlobalSection(ProjectConfigurationPlatforms) = postSolution
		{2F32C3B2-635E-40DE-869E-6BC48A85989E}.Debug|Any CPU.ActiveCfg = Debug|Any CPU
		{2F32C3B2-635E-40DE-869E-6BC48A85989E}.Debug|Any CPU.Build.0 = Debug|Any CPU
		{2F32C3B2-635E-40DE-869E-6BC48A85989E}.Release|Any CPU.ActiveCfg = Release|Any CPU
		{2F32C3B2-635E-40DE-869E-6BC48A85989E}.Release|Any CPU.Build.0 = Release|Any CPU
	EndGlobalSection
	GlobalSection(SolutionProperties) = preSolution
		HideSolutionNode = FALSE
	EndGlobalSection
	GlobalSection(ExtensibilityGlobals) = postSolution
		SolutionGuid = {706CE4F8-FF38-40EE-BFD2-C602CE4A3DC0}
	EndGlobalSection
EndGlobal
